
Microsoft Visual Studio Solution File, Format Version 12.00
# Visual Studio Version 16
VisualStudioVersion = 16.0.31702.278
MinimumVisualStudioVersion = 10.0.40219.1
Project("{FAE04EC0-301F-11D3-BF4B-00C04F79EFBC}") = "WebWatcher", "WebWatcher\WebWatcher.csproj", "{91234F34-11B3-433A-AAFC-EDF042B1D5E8}"
EndProject
Project("{9A19103F-16F7-4668-BE54-9A1E7A4F7556}") = "StandardLib", "..\BasicKeyboard\Microsoft.Research.GazeInteraction\StandardLib\StandardLib.csproj", "{2B013416-94C0-4DCA-9004-4228DC2A5862}"
EndProject
Project("{FAE04EC0-301F-11D3-BF4B-00C04F79EFBC}") = "FrameworkLib.Devices", "..\BasicKeyboard\Microsoft.Research.GazeInteraction\FrameworkLib.Devices\FrameworkLib.Devices.csproj", "{9DCF1C1D-A140-4EC0-AFE8-D46FFE679C32}"
EndProject
Project("{FAE04EC0-301F-11D3-BF4B-00C04F79EFBC}") = "FrameworkLib", "..\BasicKeyboard\Microsoft.Research.GazeInteraction\FrameworkLib\FrameworkLib.csproj", "{B0C5978F-35FC-4C5F-8355-E28A952D4047}"
EndProject
Global
	GlobalSection(SolutionConfigurationPlatforms) = preSolution
		Debug|Any CPU = Debug|Any CPU
		Debug|x64 = Debug|x64
		Release|Any CPU = Release|Any CPU
		Release|x64 = Release|x64
	EndGlobalSection
	GlobalSection(ProjectConfigurationPlatforms) = postSolution
		{91234F34-11B3-433A-AAFC-EDF042B1D5E8}.Debug|Any CPU.ActiveCfg = Debug|Any CPU
		{91234F34-11B3-433A-AAFC-EDF042B1D5E8}.Debug|Any CPU.Build.0 = Debug|Any CPU
		{91234F34-11B3-433A-AAFC-EDF042B1D5E8}.Debug|x64.ActiveCfg = Debug|x64
		{91234F34-11B3-433A-AAFC-EDF042B1D5E8}.Debug|x64.Build.0 = Debug|x64
		{91234F34-11B3-433A-AAFC-EDF042B1D5E8}.Release|Any CPU.ActiveCfg = Release|Any CPU
		{91234F34-11B3-433A-AAFC-EDF042B1D5E8}.Release|Any CPU.Build.0 = Release|Any CPU
		{91234F34-11B3-433A-AAFC-EDF042B1D5E8}.Release|x64.ActiveCfg = Release|x64
		{91234F34-11B3-433A-AAFC-EDF042B1D5E8}.Release|x64.Build.0 = Release|x64
		{2B013416-94C0-4DCA-9004-4228DC2A5862}.Debug|Any CPU.ActiveCfg = Debug|Any CPU
		{2B013416-94C0-4DCA-9004-4228DC2A5862}.Debug|Any CPU.Build.0 = Debug|Any CPU
		{2B013416-94C0-4DCA-9004-4228DC2A5862}.Debug|x64.ActiveCfg = Debug|Any CPU
		{2B013416-94C0-4DCA-9004-4228DC2A5862}.Debug|x64.Build.0 = Debug|Any CPU
		{2B013416-94C0-4DCA-9004-4228DC2A5862}.Release|Any CPU.ActiveCfg = Release|Any CPU
		{2B013416-94C0-4DCA-9004-4228DC2A5862}.Release|Any CPU.Build.0 = Release|Any CPU
		{2B013416-94C0-4DCA-9004-4228DC2A5862}.Release|x64.ActiveCfg = Release|Any CPU
		{2B013416-94C0-4DCA-9004-4228DC2A5862}.Release|x64.Build.0 = Release|Any CPU
		{9DCF1C1D-A140-4EC0-AFE8-D46FFE679C32}.Debug|Any CPU.ActiveCfg = Debug|Any CPU
		{9DCF1C1D-A140-4EC0-AFE8-D46FFE679C32}.Debug|Any CPU.Build.0 = Debug|Any CPU
		{9DCF1C1D-A140-4EC0-AFE8-D46FFE679C32}.Debug|x64.ActiveCfg = Debug|x64
		{9DCF1C1D-A140-4EC0-AFE8-D46FFE679C32}.Debug|x64.Build.0 = Debug|x64
		{9DCF1C1D-A140-4EC0-AFE8-D46FFE679C32}.Release|Any CPU.ActiveCfg = Release|Any CPU
		{9DCF1C1D-A140-4EC0-AFE8-D46FFE679C32}.Release|Any CPU.Build.0 = Release|Any CPU
		{9DCF1C1D-A140-4EC0-AFE8-D46FFE679C32}.Release|x64.ActiveCfg = Release|x64
		{9DCF1C1D-A140-4EC0-AFE8-D46FFE679C32}.Release|x64.Build.0 = Release|x64
		{B0C5978F-35FC-4C5F-8355-E28A952D4047}.Debug|Any CPU.ActiveCfg = Debug|x64
		{B0C5978F-35FC-4C5F-8355-E28A952D4047}.Debug|x64.ActiveCfg = Debug|x64
		{B0C5978F-35FC-4C5F-8355-E28A952D4047}.Debug|x64.Build.0 = Debug|x64
		{B0C5978F-35FC-4C5F-8355-E28A952D4047}.Release|Any CPU.ActiveCfg = Release|x64
		{B0C5978F-35FC-4C5F-8355-E28A952D4047}.Release|x64.ActiveCfg = Release|x64
		{B0C5978F-35FC-4C5F-8355-E28A952D4047}.Release|x64.Build.0 = Release|x64
	EndGlobalSection
	GlobalSection(SolutionProperties) = preSolution
		HideSolutionNode = FALSE
	EndGlobalSection
	GlobalSection(ExtensibilityGlobals) = postSolution
		SolutionGuid = {880EB848-8193-406E-A1A1-97DF4FC9A474}
	EndGlobalSection
EndGlobal
