
Microsoft Visual Studio Solution File, Format Version 12.00
# Visual Studio Version 16
VisualStudioVersion = 16.0.31624.102
MinimumVisualStudioVersion = 10.0.40219.1
Project("{FAE04EC0-301F-11D3-BF4B-00C04F79EFBC}") = "FrameworkApp", "FrameworkApp\FrameworkApp.csproj", "{5B652E5D-AD2B-4C69-A350-6F0DDA0D715A}"
EndProject
Project("{FAE04EC0-301F-11D3-BF4B-00C04F79EFBC}") = "UniversalApp", "UniversalApp\UniversalApp.csproj", "{5A18908B-64B4-49BC-848B-9716CE8CC298}"
EndProject
Project("{FAE04EC0-301F-11D3-BF4B-00C04F79EFBC}") = "UniversalLib", "UniversalLib\UniversalLib.csproj", "{7DF66D6A-E43C-43D5-B003-6B7D8C5C6765}"
EndProject
Project("{FAE04EC0-301F-11D3-BF4B-00C04F79EFBC}") = "FrameworkLib", "FrameworkLib\FrameworkLib.csproj", "{B0C5978F-35FC-4C5F-8355-E28A952D4047}"
EndProject
Project("{9A19103F-16F7-4668-BE54-9A1E7A4F7556}") = "StandardLib", "StandardLib\StandardLib.csproj", "{60032A09-64C1-4980-A36C-5BAF968C7F5B}"
EndProject
Project("{FAE04EC0-301F-11D3-BF4B-00C04F79EFBC}") = "UniversalLib.Devices", "UniversalLib.Devices\UniversalLib.Devices.csproj", "{D531766A-668D-4AAB-9F1A-6E3A84281D98}"
EndProject
Project("{FAE04EC0-301F-11D3-BF4B-00C04F79EFBC}") = "FrameworkLib.Devices", "FrameworkLib.Devices\FrameworkLib.Devices.csproj", "{9DCF1C1D-A140-4EC0-AFE8-D46FFE679C32}"
EndProject
Project("{FAE04EC0-301F-11D3-BF4B-00C04F79EFBC}") = "WinFormsApp", "WinFormsApp\WinFormsApp.csproj", "{A8FEAD1C-5ADA-4CA3-AC27-E4DCAC455CDE}"
EndProject
Project("{FAE04EC0-301F-11D3-BF4B-00C04F79EFBC}") = "WinFormsLib", "WinFormsLib\WinFormsLib.csproj", "{7E88E845-6E65-4499-AD02-675E81829E1F}"
EndProject
Global
	GlobalSection(SolutionConfigurationPlatforms) = preSolution
		Debug|Any CPU = Debug|Any CPU
		Debug|ARM = Debug|ARM
		Debug|ARM64 = Debug|ARM64
		Debug|x64 = Debug|x64
		Debug|x86 = Debug|x86
		Release|Any CPU = Release|Any CPU
		Release|ARM = Release|ARM
		Release|ARM64 = Release|ARM64
		Release|x64 = Release|x64
		Release|x86 = Release|x86
	EndGlobalSection
	GlobalSection(ProjectConfigurationPlatforms) = postSolution
		{5B652E5D-AD2B-4C69-A350-6F0DDA0D715A}.Debug|Any CPU.ActiveCfg = Debug|x64
		{5B652E5D-AD2B-4C69-A350-6F0DDA0D715A}.Debug|Any CPU.Build.0 = Debug|x64
		{5B652E5D-AD2B-4C69-A350-6F0DDA0D715A}.Debug|ARM.ActiveCfg = Debug|x64
		{5B652E5D-AD2B-4C69-A350-6F0DDA0D715A}.Debug|ARM64.ActiveCfg = Debug|x64
		{5B652E5D-AD2B-4C69-A350-6F0DDA0D715A}.Debug|x64.ActiveCfg = Debug|x64
		{5B652E5D-AD2B-4C69-A350-6F0DDA0D715A}.Debug|x64.Build.0 = Debug|x64
		{5B652E5D-AD2B-4C69-A350-6F0DDA0D715A}.Debug|x86.ActiveCfg = Debug|x64
		{5B652E5D-AD2B-4C69-A350-6F0DDA0D715A}.Release|Any CPU.ActiveCfg = Release|x64
		{5B652E5D-AD2B-4C69-A350-6F0DDA0D715A}.Release|ARM.ActiveCfg = Release|x64
		{5B652E5D-AD2B-4C69-A350-6F0DDA0D715A}.Release|ARM64.ActiveCfg = Release|x64
		{5B652E5D-AD2B-4C69-A350-6F0DDA0D715A}.Release|x64.ActiveCfg = Release|x64
		{5B652E5D-AD2B-4C69-A350-6F0DDA0D715A}.Release|x64.Build.0 = Release|x64
		{5B652E5D-AD2B-4C69-A350-6F0DDA0D715A}.Release|x86.ActiveCfg = Release|x64
		{5A18908B-64B4-49BC-848B-9716CE8CC298}.Debug|Any CPU.ActiveCfg = Debug|x64
		{5A18908B-64B4-49BC-848B-9716CE8CC298}.Debug|Any CPU.Build.0 = Debug|x64
		{5A18908B-64B4-49BC-848B-9716CE8CC298}.Debug|Any CPU.Deploy.0 = Debug|x64
		{5A18908B-64B4-49BC-848B-9716CE8CC298}.Debug|ARM.ActiveCfg = Debug|ARM
		{5A18908B-64B4-49BC-848B-9716CE8CC298}.Debug|ARM.Build.0 = Debug|ARM
		{5A18908B-64B4-49BC-848B-9716CE8CC298}.Debug|ARM.Deploy.0 = Debug|ARM
		{5A18908B-64B4-49BC-848B-9716CE8CC298}.Debug|ARM64.ActiveCfg = Debug|ARM64
		{5A18908B-64B4-49BC-848B-9716CE8CC298}.Debug|ARM64.Build.0 = Debug|ARM64
		{5A18908B-64B4-49BC-848B-9716CE8CC298}.Debug|ARM64.Deploy.0 = Debug|ARM64
		{5A18908B-64B4-49BC-848B-9716CE8CC298}.Debug|x64.ActiveCfg = Debug|x64
		{5A18908B-64B4-49BC-848B-9716CE8CC298}.Debug|x64.Build.0 = Debug|x64
		{5A18908B-64B4-49BC-848B-9716CE8CC298}.Debug|x64.Deploy.0 = Debug|x64
		{5A18908B-64B4-49BC-848B-9716CE8CC298}.Debug|x86.ActiveCfg = Debug|x86
		{5A18908B-64B4-49BC-848B-9716CE8CC298}.Debug|x86.Build.0 = Debug|x86
		{5A18908B-64B4-49BC-848B-9716CE8CC298}.Debug|x86.Deploy.0 = Debug|x86
		{5A18908B-64B4-49BC-848B-9716CE8CC298}.Release|Any CPU.ActiveCfg = Release|x86
		{5A18908B-64B4-49BC-848B-9716CE8CC298}.Release|ARM.ActiveCfg = Release|ARM
		{5A18908B-64B4-49BC-848B-9716CE8CC298}.Release|ARM.Build.0 = Release|ARM
		{5A18908B-64B4-49BC-848B-9716CE8CC298}.Release|ARM.Deploy.0 = Release|ARM
		{5A18908B-64B4-49BC-848B-9716CE8CC298}.Release|ARM64.ActiveCfg = Release|ARM64
		{5A18908B-64B4-49BC-848B-9716CE8CC298}.Release|ARM64.Build.0 = Release|ARM64
		{5A18908B-64B4-49BC-848B-9716CE8CC298}.Release|ARM64.Deploy.0 = Release|ARM64
		{5A18908B-64B4-49BC-848B-9716CE8CC298}.Release|x64.ActiveCfg = Release|x64
		{5A18908B-64B4-49BC-848B-9716CE8CC298}.Release|x64.Build.0 = Release|x64
		{5A18908B-64B4-49BC-848B-9716CE8CC298}.Release|x64.Deploy.0 = Release|x64
		{5A18908B-64B4-49BC-848B-9716CE8CC298}.Release|x86.ActiveCfg = Release|x86
		{5A18908B-64B4-49BC-848B-9716CE8CC298}.Release|x86.Build.0 = Release|x86
		{5A18908B-64B4-49BC-848B-9716CE8CC298}.Release|x86.Deploy.0 = Release|x86
		{7DF66D6A-E43C-43D5-B003-6B7D8C5C6765}.Debug|Any CPU.ActiveCfg = Debug|Any CPU
		{7DF66D6A-E43C-43D5-B003-6B7D8C5C6765}.Debug|Any CPU.Build.0 = Debug|Any CPU
		{7DF66D6A-E43C-43D5-B003-6B7D8C5C6765}.Debug|ARM.ActiveCfg = Debug|ARM
		{7DF66D6A-E43C-43D5-B003-6B7D8C5C6765}.Debug|ARM.Build.0 = Debug|ARM
		{7DF66D6A-E43C-43D5-B003-6B7D8C5C6765}.Debug|ARM64.ActiveCfg = Debug|ARM64
		{7DF66D6A-E43C-43D5-B003-6B7D8C5C6765}.Debug|ARM64.Build.0 = Debug|ARM64
		{7DF66D6A-E43C-43D5-B003-6B7D8C5C6765}.Debug|x64.ActiveCfg = Debug|x64
		{7DF66D6A-E43C-43D5-B003-6B7D8C5C6765}.Debug|x64.Build.0 = Debug|x64
		{7DF66D6A-E43C-43D5-B003-6B7D8C5C6765}.Debug|x86.ActiveCfg = Debug|x86
		{7DF66D6A-E43C-43D5-B003-6B7D8C5C6765}.Debug|x86.Build.0 = Debug|x86
		{7DF66D6A-E43C-43D5-B003-6B7D8C5C6765}.Release|Any CPU.ActiveCfg = Release|Any CPU
		{7DF66D6A-E43C-43D5-B003-6B7D8C5C6765}.Release|Any CPU.Build.0 = Release|Any CPU
		{7DF66D6A-E43C-43D5-B003-6B7D8C5C6765}.Release|ARM.ActiveCfg = Release|ARM
		{7DF66D6A-E43C-43D5-B003-6B7D8C5C6765}.Release|ARM.Build.0 = Release|ARM
		{7DF66D6A-E43C-43D5-B003-6B7D8C5C6765}.Release|ARM64.ActiveCfg = Release|ARM64
		{7DF66D6A-E43C-43D5-B003-6B7D8C5C6765}.Release|ARM64.Build.0 = Release|ARM64
		{7DF66D6A-E43C-43D5-B003-6B7D8C5C6765}.Release|x64.ActiveCfg = Release|x64
		{7DF66D6A-E43C-43D5-B003-6B7D8C5C6765}.Release|x64.Build.0 = Release|x64
		{7DF66D6A-E43C-43D5-B003-6B7D8C5C6765}.Release|x86.ActiveCfg = Release|x86
		{7DF66D6A-E43C-43D5-B003-6B7D8C5C6765}.Release|x86.Build.0 = Release|x86
		{B0C5978F-35FC-4C5F-8355-E28A952D4047}.Debug|Any CPU.ActiveCfg = Debug|x64
		{B0C5978F-35FC-4C5F-8355-E28A952D4047}.Debug|Any CPU.Build.0 = Debug|x64
		{B0C5978F-35FC-4C5F-8355-E28A952D4047}.Debug|ARM.ActiveCfg = Debug|x64
		{B0C5978F-35FC-4C5F-8355-E28A952D4047}.Debug|ARM64.ActiveCfg = Debug|x64
		{B0C5978F-35FC-4C5F-8355-E28A952D4047}.Debug|x64.ActiveCfg = Debug|x64
		{B0C5978F-35FC-4C5F-8355-E28A952D4047}.Debug|x64.Build.0 = Debug|x64
		{B0C5978F-35FC-4C5F-8355-E28A952D4047}.Debug|x86.ActiveCfg = Debug|x64
		{B0C5978F-35FC-4C5F-8355-E28A952D4047}.Release|Any CPU.ActiveCfg = Release|x64
		{B0C5978F-35FC-4C5F-8355-E28A952D4047}.Release|ARM.ActiveCfg = Release|x64
		{B0C5978F-35FC-4C5F-8355-E28A952D4047}.Release|ARM64.ActiveCfg = Release|x64
		{B0C5978F-35FC-4C5F-8355-E28A952D4047}.Release|x64.ActiveCfg = Release|x64
		{B0C5978F-35FC-4C5F-8355-E28A952D4047}.Release|x86.ActiveCfg = Release|x64
		{60032A09-64C1-4980-A36C-5BAF968C7F5B}.Debug|Any CPU.ActiveCfg = Debug|Any CPU
		{60032A09-64C1-4980-A36C-5BAF968C7F5B}.Debug|Any CPU.Build.0 = Debug|Any CPU
		{60032A09-64C1-4980-A36C-5BAF968C7F5B}.Debug|ARM.ActiveCfg = Debug|Any CPU
		{60032A09-64C1-4980-A36C-5BAF968C7F5B}.Debug|ARM.Build.0 = Debug|Any CPU
		{60032A09-64C1-4980-A36C-5BAF968C7F5B}.Debug|ARM64.ActiveCfg = Debug|Any CPU
		{60032A09-64C1-4980-A36C-5BAF968C7F5B}.Debug|ARM64.Build.0 = Debug|Any CPU
		{60032A09-64C1-4980-A36C-5BAF968C7F5B}.Debug|x64.ActiveCfg = Debug|Any CPU
		{60032A09-64C1-4980-A36C-5BAF968C7F5B}.Debug|x64.Build.0 = Debug|Any CPU
		{60032A09-64C1-4980-A36C-5BAF968C7F5B}.Debug|x86.ActiveCfg = Debug|Any CPU
		{60032A09-64C1-4980-A36C-5BAF968C7F5B}.Debug|x86.Build.0 = Debug|Any CPU
		{60032A09-64C1-4980-A36C-5BAF968C7F5B}.Release|Any CPU.ActiveCfg = Release|Any CPU
		{60032A09-64C1-4980-A36C-5BAF968C7F5B}.Release|Any CPU.Build.0 = Release|Any CPU
		{60032A09-64C1-4980-A36C-5BAF968C7F5B}.Release|ARM.ActiveCfg = Release|Any CPU
		{60032A09-64C1-4980-A36C-5BAF968C7F5B}.Release|ARM.Build.0 = Release|Any CPU
		{60032A09-64C1-4980-A36C-5BAF968C7F5B}.Release|ARM64.ActiveCfg = Release|Any CPU
		{60032A09-64C1-4980-A36C-5BAF968C7F5B}.Release|ARM64.Build.0 = Release|Any CPU
		{60032A09-64C1-4980-A36C-5BAF968C7F5B}.Release|x64.ActiveCfg = Release|Any CPU
		{60032A09-64C1-4980-A36C-5BAF968C7F5B}.Release|x64.Build.0 = Release|Any CPU
		{60032A09-64C1-4980-A36C-5BAF968C7F5B}.Release|x86.ActiveCfg = Release|Any CPU
		{60032A09-64C1-4980-A36C-5BAF968C7F5B}.Release|x86.Build.0 = Release|Any CPU
		{D531766A-668D-4AAB-9F1A-6E3A84281D98}.Debug|Any CPU.ActiveCfg = Debug|Any CPU
		{D531766A-668D-4AAB-9F1A-6E3A84281D98}.Debug|Any CPU.Build.0 = Debug|Any CPU
		{D531766A-668D-4AAB-9F1A-6E3A84281D98}.Debug|ARM.ActiveCfg = Debug|ARM
		{D531766A-668D-4AAB-9F1A-6E3A84281D98}.Debug|ARM.Build.0 = Debug|ARM
		{D531766A-668D-4AAB-9F1A-6E3A84281D98}.Debug|ARM64.ActiveCfg = Debug|ARM64
		{D531766A-668D-4AAB-9F1A-6E3A84281D98}.Debug|ARM64.Build.0 = Debug|ARM64
		{D531766A-668D-4AAB-9F1A-6E3A84281D98}.Debug|x64.ActiveCfg = Debug|x64
		{D531766A-668D-4AAB-9F1A-6E3A84281D98}.Debug|x64.Build.0 = Debug|x64
		{D531766A-668D-4AAB-9F1A-6E3A84281D98}.Debug|x86.ActiveCfg = Debug|x86
		{D531766A-668D-4AAB-9F1A-6E3A84281D98}.Debug|x86.Build.0 = Debug|x86
		{D531766A-668D-4AAB-9F1A-6E3A84281D98}.Release|Any CPU.ActiveCfg = Release|Any CPU
		{D531766A-668D-4AAB-9F1A-6E3A84281D98}.Release|Any CPU.Build.0 = Release|Any CPU
		{D531766A-668D-4AAB-9F1A-6E3A84281D98}.Release|ARM.ActiveCfg = Release|ARM
		{D531766A-668D-4AAB-9F1A-6E3A84281D98}.Release|ARM.Build.0 = Release|ARM
		{D531766A-668D-4AAB-9F1A-6E3A84281D98}.Release|ARM64.ActiveCfg = Release|ARM64
		{D531766A-668D-4AAB-9F1A-6E3A84281D98}.Release|ARM64.Build.0 = Release|ARM64
		{D531766A-668D-4AAB-9F1A-6E3A84281D98}.Release|x64.ActiveCfg = Release|x64
		{D531766A-668D-4AAB-9F1A-6E3A84281D98}.Release|x64.Build.0 = Release|x64
		{D531766A-668D-4AAB-9F1A-6E3A84281D98}.Release|x86.ActiveCfg = Release|x86
		{D531766A-668D-4AAB-9F1A-6E3A84281D98}.Release|x86.Build.0 = Release|x86
		{9DCF1C1D-A140-4EC0-AFE8-D46FFE679C32}.Debug|Any CPU.ActiveCfg = Debug|Any CPU
		{9DCF1C1D-A140-4EC0-AFE8-D46FFE679C32}.Debug|Any CPU.Build.0 = Debug|Any CPU
		{9DCF1C1D-A140-4EC0-AFE8-D46FFE679C32}.Debug|ARM.ActiveCfg = Debug|Any CPU
		{9DCF1C1D-A140-4EC0-AFE8-D46FFE679C32}.Debug|ARM.Build.0 = Debug|Any CPU
		{9DCF1C1D-A140-4EC0-AFE8-D46FFE679C32}.Debug|ARM64.ActiveCfg = Debug|Any CPU
		{9DCF1C1D-A140-4EC0-AFE8-D46FFE679C32}.Debug|ARM64.Build.0 = Debug|Any CPU
		{9DCF1C1D-A140-4EC0-AFE8-D46FFE679C32}.Debug|x64.ActiveCfg = Debug|x64
		{9DCF1C1D-A140-4EC0-AFE8-D46FFE679C32}.Debug|x64.Build.0 = Debug|x64
		{9DCF1C1D-A140-4EC0-AFE8-D46FFE679C32}.Debug|x86.ActiveCfg = Debug|Any CPU
		{9DCF1C1D-A140-4EC0-AFE8-D46FFE679C32}.Debug|x86.Build.0 = Debug|Any CPU
		{9DCF1C1D-A140-4EC0-AFE8-D46FFE679C32}.Release|Any CPU.ActiveCfg = Release|Any CPU
		{9DCF1C1D-A140-4EC0-AFE8-D46FFE679C32}.Release|Any CPU.Build.0 = Release|Any CPU
		{9DCF1C1D-A140-4EC0-AFE8-D46FFE679C32}.Release|ARM.ActiveCfg = Release|Any CPU
		{9DCF1C1D-A140-4EC0-AFE8-D46FFE679C32}.Release|ARM.Build.0 = Release|Any CPU
		{9DCF1C1D-A140-4EC0-AFE8-D46FFE679C32}.Release|ARM64.ActiveCfg = Release|Any CPU
		{9DCF1C1D-A140-4EC0-AFE8-D46FFE679C32}.Release|ARM64.Build.0 = Release|Any CPU
		{9DCF1C1D-A140-4EC0-AFE8-D46FFE679C32}.Release|x64.ActiveCfg = Release|Any CPU
		{9DCF1C1D-A140-4EC0-AFE8-D46FFE679C32}.Release|x64.Build.0 = Release|Any CPU
		{9DCF1C1D-A140-4EC0-AFE8-D46FFE679C32}.Release|x86.ActiveCfg = Release|Any CPU
		{9DCF1C1D-A140-4EC0-AFE8-D46FFE679C32}.Release|x86.Build.0 = Release|Any CPU
		{A8FEAD1C-5ADA-4CA3-AC27-E4DCAC455CDE}.Debug|Any CPU.ActiveCfg = Debug|Any CPU
		{A8FEAD1C-5ADA-4CA3-AC27-E4DCAC455CDE}.Debug|Any CPU.Build.0 = Debug|Any CPU
		{A8FEAD1C-5ADA-4CA3-AC27-E4DCAC455CDE}.Debug|ARM.ActiveCfg = Debug|Any CPU
		{A8FEAD1C-5ADA-4CA3-AC27-E4DCAC455CDE}.Debug|ARM.Build.0 = Debug|Any CPU
		{A8FEAD1C-5ADA-4CA3-AC27-E4DCAC455CDE}.Debug|ARM64.ActiveCfg = Debug|Any CPU
		{A8FEAD1C-5ADA-4CA3-AC27-E4DCAC455CDE}.Debug|ARM64.Build.0 = Debug|Any CPU
		{A8FEAD1C-5ADA-4CA3-AC27-E4DCAC455CDE}.Debug|x64.ActiveCfg = Debug|x64
		{A8FEAD1C-5ADA-4CA3-AC27-E4DCAC455CDE}.Debug|x64.Build.0 = Debug|x64
		{A8FEAD1C-5ADA-4CA3-AC27-E4DCAC455CDE}.Debug|x86.ActiveCfg = Debug|Any CPU
		{A8FEAD1C-5ADA-4CA3-AC27-E4DCAC455CDE}.Debug|x86.Build.0 = Debug|Any CPU
		{A8FEAD1C-5ADA-4CA3-AC27-E4DCAC455CDE}.Release|Any CPU.ActiveCfg = Release|Any CPU
		{A8FEAD1C-5ADA-4CA3-AC27-E4DCAC455CDE}.Release|Any CPU.Build.0 = Release|Any CPU
		{A8FEAD1C-5ADA-4CA3-AC27-E4DCAC455CDE}.Release|ARM.ActiveCfg = Release|Any CPU
		{A8FEAD1C-5ADA-4CA3-AC27-E4DCAC455CDE}.Release|ARM.Build.0 = Release|Any CPU
		{A8FEAD1C-5ADA-4CA3-AC27-E4DCAC455CDE}.Release|ARM64.ActiveCfg = Release|Any CPU
		{A8FEAD1C-5ADA-4CA3-AC27-E4DCAC455CDE}.Release|ARM64.Build.0 = Release|Any CPU
		{A8FEAD1C-5ADA-4CA3-AC27-E4DCAC455CDE}.Release|x64.ActiveCfg = Release|Any CPU
		{A8FEAD1C-5ADA-4CA3-AC27-E4DCAC455CDE}.Release|x64.Build.0 = Release|Any CPU
		{A8FEAD1C-5ADA-4CA3-AC27-E4DCAC455CDE}.Release|x86.ActiveCfg = Release|Any CPU
		{A8FEAD1C-5ADA-4CA3-AC27-E4DCAC455CDE}.Release|x86.Build.0 = Release|Any CPU
		{7E88E845-6E65-4499-AD02-675E81829E1F}.Debug|Any CPU.ActiveCfg = Debug|Any CPU
		{7E88E845-6E65-4499-AD02-675E81829E1F}.Debug|Any CPU.Build.0 = Debug|Any CPU
		{7E88E845-6E65-4499-AD02-675E81829E1F}.Debug|ARM.ActiveCfg = Debug|Any CPU
		{7E88E845-6E65-4499-AD02-675E81829E1F}.Debug|ARM.Build.0 = Debug|Any CPU
		{7E88E845-6E65-4499-AD02-675E81829E1F}.Debug|ARM64.ActiveCfg = Debug|Any CPU
		{7E88E845-6E65-4499-AD02-675E81829E1F}.Debug|ARM64.Build.0 = Debug|Any CPU
		{7E88E845-6E65-4499-AD02-675E81829E1F}.Debug|x64.ActiveCfg = Debug|x64
		{7E88E845-6E65-4499-AD02-675E81829E1F}.Debug|x64.Build.0 = Debug|x64
		{7E88E845-6E65-4499-AD02-675E81829E1F}.Debug|x86.ActiveCfg = Debug|Any CPU
		{7E88E845-6E65-4499-AD02-675E81829E1F}.Debug|x86.Build.0 = Debug|Any CPU
		{7E88E845-6E65-4499-AD02-675E81829E1F}.Release|Any CPU.ActiveCfg = Release|Any CPU
		{7E88E845-6E65-4499-AD02-675E81829E1F}.Release|Any CPU.Build.0 = Release|Any CPU
		{7E88E845-6E65-4499-AD02-675E81829E1F}.Release|ARM.ActiveCfg = Release|Any CPU
		{7E88E845-6E65-4499-AD02-675E81829E1F}.Release|ARM.Build.0 = Release|Any CPU
		{7E88E845-6E65-4499-AD02-675E81829E1F}.Release|ARM64.ActiveCfg = Release|Any CPU
		{7E88E845-6E65-4499-AD02-675E81829E1F}.Release|ARM64.Build.0 = Release|Any CPU
		{7E88E845-6E65-4499-AD02-675E81829E1F}.Release|x64.ActiveCfg = Release|Any CPU
		{7E88E845-6E65-4499-AD02-675E81829E1F}.Release|x64.Build.0 = Release|Any CPU
		{7E88E845-6E65-4499-AD02-675E81829E1F}.Release|x86.ActiveCfg = Release|Any CPU
		{7E88E845-6E65-4499-AD02-675E81829E1F}.Release|x86.Build.0 = Release|Any CPU
	EndGlobalSection
	GlobalSection(SolutionProperties) = preSolution
		HideSolutionNode = FALSE
	EndGlobalSection
	GlobalSection(ExtensibilityGlobals) = postSolution
		SolutionGuid = {70EBE10B-A859-4D3B-BC26-BC973B0D6F35}
	EndGlobalSection
EndGlobal
