
Microsoft Visual Studio Solution File, Format Version 12.00
# Visual Studio Version 16
VisualStudioVersion = 16.0.31624.102
MinimumVisualStudioVersion = 10.0.40219.1
Project("{FAE04EC0-301F-11D3-BF4B-00C04F79EFBC}") = "Controls", "Controls\Controls.csproj", "{237B0CC6-D94E-451C-93DA-AAF87A17AEE7}"
EndProject
Project("{9A19103F-16F7-4668-BE54-9A1E7A4F7556}") = "Layout", "..\Standard 2.0\Layout\Layout.csproj", "{F125BE77-3476-4EDF-BCF7-E7FB8C0F488A}"
EndProject
Project("{FAE04EC0-301F-11D3-BF4B-00C04F79EFBC}") = "PInvoke", "..\Standard 2.0\PInvoke\PInvoke.csproj", "{5584B77E-45C7-42C4-AFB6-6C1F7537D690}"
EndProject
Project("{FAE04EC0-301F-11D3-BF4B-00C04F79EFBC}") = "Keyboard", "Keyboard\Keyboard.csproj", "{48E8925D-C347-4428-AAA0-89032844A82A}"
EndProject
Global
	GlobalSection(SolutionConfigurationPlatforms) = preSolution
		Debug|Any CPU = Debug|Any CPU
		Debug|ARM = Debug|ARM
		Debug|ARM64 = Debug|ARM64
		Debug|x64 = Debug|x64
		Debug|x86 = Debug|x86
		Release|Any CPU = Release|Any CPU
		Release|ARM = Release|ARM
		Release|ARM64 = Release|ARM64
		Release|x64 = Release|x64
		Release|x86 = Release|x86
	EndGlobalSection
	GlobalSection(ProjectConfigurationPlatforms) = postSolution
		{237B0CC6-D94E-451C-93DA-AAF87A17AEE7}.Debug|Any CPU.ActiveCfg = Debug|Any CPU
		{237B0CC6-D94E-451C-93DA-AAF87A17AEE7}.Debug|Any CPU.Build.0 = Debug|Any CPU
		{237B0CC6-D94E-451C-93DA-AAF87A17AEE7}.Debug|ARM.ActiveCfg = Debug|ARM
		{237B0CC6-D94E-451C-93DA-AAF87A17AEE7}.Debug|ARM.Build.0 = Debug|ARM
		{237B0CC6-D94E-451C-93DA-AAF87A17AEE7}.Debug|ARM64.ActiveCfg = Debug|ARM64
		{237B0CC6-D94E-451C-93DA-AAF87A17AEE7}.Debug|ARM64.Build.0 = Debug|ARM64
		{237B0CC6-D94E-451C-93DA-AAF87A17AEE7}.Debug|x64.ActiveCfg = Debug|x64
		{237B0CC6-D94E-451C-93DA-AAF87A17AEE7}.Debug|x64.Build.0 = Debug|x64
		{237B0CC6-D94E-451C-93DA-AAF87A17AEE7}.Debug|x86.ActiveCfg = Debug|x86
		{237B0CC6-D94E-451C-93DA-AAF87A17AEE7}.Debug|x86.Build.0 = Debug|x86
		{237B0CC6-D94E-451C-93DA-AAF87A17AEE7}.Release|Any CPU.ActiveCfg = Release|Any CPU
		{237B0CC6-D94E-451C-93DA-AAF87A17AEE7}.Release|Any CPU.Build.0 = Release|Any CPU
		{237B0CC6-D94E-451C-93DA-AAF87A17AEE7}.Release|ARM.ActiveCfg = Release|ARM
		{237B0CC6-D94E-451C-93DA-AAF87A17AEE7}.Release|ARM.Build.0 = Release|ARM
		{237B0CC6-D94E-451C-93DA-AAF87A17AEE7}.Release|ARM64.ActiveCfg = Release|ARM64
		{237B0CC6-D94E-451C-93DA-AAF87A17AEE7}.Release|ARM64.Build.0 = Release|ARM64
		{237B0CC6-D94E-451C-93DA-AAF87A17AEE7}.Release|x64.ActiveCfg = Release|x64
		{237B0CC6-D94E-451C-93DA-AAF87A17AEE7}.Release|x64.Build.0 = Release|x64
		{237B0CC6-D94E-451C-93DA-AAF87A17AEE7}.Release|x86.ActiveCfg = Release|x86
		{237B0CC6-D94E-451C-93DA-AAF87A17AEE7}.Release|x86.Build.0 = Release|x86
		{F125BE77-3476-4EDF-BCF7-E7FB8C0F488A}.Debug|Any CPU.ActiveCfg = Debug|Any CPU
		{F125BE77-3476-4EDF-BCF7-E7FB8C0F488A}.Debug|Any CPU.Build.0 = Debug|Any CPU
		{F125BE77-3476-4EDF-BCF7-E7FB8C0F488A}.Debug|ARM.ActiveCfg = Debug|Any CPU
		{F125BE77-3476-4EDF-BCF7-E7FB8C0F488A}.Debug|ARM.Build.0 = Debug|Any CPU
		{F125BE77-3476-4EDF-BCF7-E7FB8C0F488A}.Debug|ARM64.ActiveCfg = Debug|Any CPU
		{F125BE77-3476-4EDF-BCF7-E7FB8C0F488A}.Debug|ARM64.Build.0 = Debug|Any CPU
		{F125BE77-3476-4EDF-BCF7-E7FB8C0F488A}.Debug|x64.ActiveCfg = Debug|Any CPU
		{F125BE77-3476-4EDF-BCF7-E7FB8C0F488A}.Debug|x64.Build.0 = Debug|Any CPU
		{F125BE77-3476-4EDF-BCF7-E7FB8C0F488A}.Debug|x86.ActiveCfg = Debug|Any CPU
		{F125BE77-3476-4EDF-BCF7-E7FB8C0F488A}.Debug|x86.Build.0 = Debug|Any CPU
		{F125BE77-3476-4EDF-BCF7-E7FB8C0F488A}.Release|Any CPU.ActiveCfg = Release|Any CPU
		{F125BE77-3476-4EDF-BCF7-E7FB8C0F488A}.Release|Any CPU.Build.0 = Release|Any CPU
		{F125BE77-3476-4EDF-BCF7-E7FB8C0F488A}.Release|ARM.ActiveCfg = Release|Any CPU
		{F125BE77-3476-4EDF-BCF7-E7FB8C0F488A}.Release|ARM.Build.0 = Release|Any CPU
		{F125BE77-3476-4EDF-BCF7-E7FB8C0F488A}.Release|ARM64.ActiveCfg = Release|Any CPU
		{F125BE77-3476-4EDF-BCF7-E7FB8C0F488A}.Release|ARM64.Build.0 = Release|Any CPU
		{F125BE77-3476-4EDF-BCF7-E7FB8C0F488A}.Release|x64.ActiveCfg = Release|Any CPU
		{F125BE77-3476-4EDF-BCF7-E7FB8C0F488A}.Release|x64.Build.0 = Release|Any CPU
		{F125BE77-3476-4EDF-BCF7-E7FB8C0F488A}.Release|x86.ActiveCfg = Release|Any CPU
		{F125BE77-3476-4EDF-BCF7-E7FB8C0F488A}.Release|x86.Build.0 = Release|Any CPU
		{5584B77E-45C7-42C4-AFB6-6C1F7537D690}.Debug|Any CPU.ActiveCfg = Debug|Any CPU
		{5584B77E-45C7-42C4-AFB6-6C1F7537D690}.Debug|Any CPU.Build.0 = Debug|Any CPU
		{5584B77E-45C7-42C4-AFB6-6C1F7537D690}.Debug|ARM.ActiveCfg = Debug|Any CPU
		{5584B77E-45C7-42C4-AFB6-6C1F7537D690}.Debug|ARM.Build.0 = Debug|Any CPU
		{5584B77E-45C7-42C4-AFB6-6C1F7537D690}.Debug|ARM64.ActiveCfg = Debug|Any CPU
		{5584B77E-45C7-42C4-AFB6-6C1F7537D690}.Debug|ARM64.Build.0 = Debug|Any CPU
		{5584B77E-45C7-42C4-AFB6-6C1F7537D690}.Debug|x64.ActiveCfg = Debug|Any CPU
		{5584B77E-45C7-42C4-AFB6-6C1F7537D690}.Debug|x64.Build.0 = Debug|Any CPU
		{5584B77E-45C7-42C4-AFB6-6C1F7537D690}.Debug|x86.ActiveCfg = Debug|Any CPU
		{5584B77E-45C7-42C4-AFB6-6C1F7537D690}.Debug|x86.Build.0 = Debug|Any CPU
		{5584B77E-45C7-42C4-AFB6-6C1F7537D690}.Release|Any CPU.ActiveCfg = Release|Any CPU
		{5584B77E-45C7-42C4-AFB6-6C1F7537D690}.Release|Any CPU.Build.0 = Release|Any CPU
		{5584B77E-45C7-42C4-AFB6-6C1F7537D690}.Release|ARM.ActiveCfg = Release|Any CPU
		{5584B77E-45C7-42C4-AFB6-6C1F7537D690}.Release|ARM.Build.0 = Release|Any CPU
		{5584B77E-45C7-42C4-AFB6-6C1F7537D690}.Release|ARM64.ActiveCfg = Release|Any CPU
		{5584B77E-45C7-42C4-AFB6-6C1F7537D690}.Release|ARM64.Build.0 = Release|Any CPU
		{5584B77E-45C7-42C4-AFB6-6C1F7537D690}.Release|x64.ActiveCfg = Release|Any CPU
		{5584B77E-45C7-42C4-AFB6-6C1F7537D690}.Release|x64.Build.0 = Release|Any CPU
		{5584B77E-45C7-42C4-AFB6-6C1F7537D690}.Release|x86.ActiveCfg = Release|Any CPU
		{5584B77E-45C7-42C4-AFB6-6C1F7537D690}.Release|x86.Build.0 = Release|Any CPU
		{48E8925D-C347-4428-AAA0-89032844A82A}.Debug|Any CPU.ActiveCfg = Debug|x86
		{48E8925D-C347-4428-AAA0-89032844A82A}.Debug|ARM.ActiveCfg = Debug|ARM
		{48E8925D-C347-4428-AAA0-89032844A82A}.Debug|ARM.Build.0 = Debug|ARM
		{48E8925D-C347-4428-AAA0-89032844A82A}.Debug|ARM.Deploy.0 = Debug|ARM
		{48E8925D-C347-4428-AAA0-89032844A82A}.Debug|ARM64.ActiveCfg = Debug|ARM64
		{48E8925D-C347-4428-AAA0-89032844A82A}.Debug|ARM64.Build.0 = Debug|ARM64
		{48E8925D-C347-4428-AAA0-89032844A82A}.Debug|ARM64.Deploy.0 = Debug|ARM64
		{48E8925D-C347-4428-AAA0-89032844A82A}.Debug|x64.ActiveCfg = Debug|x64
		{48E8925D-C347-4428-AAA0-89032844A82A}.Debug|x64.Build.0 = Debug|x64
		{48E8925D-C347-4428-AAA0-89032844A82A}.Debug|x64.Deploy.0 = Debug|x64
		{48E8925D-C347-4428-AAA0-89032844A82A}.Debug|x86.ActiveCfg = Debug|x86
		{48E8925D-C347-4428-AAA0-89032844A82A}.Debug|x86.Build.0 = Debug|x86
		{48E8925D-C347-4428-AAA0-89032844A82A}.Debug|x86.Deploy.0 = Debug|x86
		{48E8925D-C347-4428-AAA0-89032844A82A}.Release|Any CPU.ActiveCfg = Release|x86
		{48E8925D-C347-4428-AAA0-89032844A82A}.Release|ARM.ActiveCfg = Release|ARM
		{48E8925D-C347-4428-AAA0-89032844A82A}.Release|ARM.Build.0 = Release|ARM
		{48E8925D-C347-4428-AAA0-89032844A82A}.Release|ARM.Deploy.0 = Release|ARM
		{48E8925D-C347-4428-AAA0-89032844A82A}.Release|ARM64.ActiveCfg = Release|ARM64
		{48E8925D-C347-4428-AAA0-89032844A82A}.Release|ARM64.Build.0 = Release|ARM64
		{48E8925D-C347-4428-AAA0-89032844A82A}.Release|ARM64.Deploy.0 = Release|ARM64
		{48E8925D-C347-4428-AAA0-89032844A82A}.Release|x64.ActiveCfg = Release|x64
		{48E8925D-C347-4428-AAA0-89032844A82A}.Release|x64.Build.0 = Release|x64
		{48E8925D-C347-4428-AAA0-89032844A82A}.Release|x64.Deploy.0 = Release|x64
		{48E8925D-C347-4428-AAA0-89032844A82A}.Release|x86.ActiveCfg = Release|x86
		{48E8925D-C347-4428-AAA0-89032844A82A}.Release|x86.Build.0 = Release|x86
		{48E8925D-C347-4428-AAA0-89032844A82A}.Release|x86.Deploy.0 = Release|x86
	EndGlobalSection
	GlobalSection(SolutionProperties) = preSolution
		HideSolutionNode = FALSE
	EndGlobalSection
	GlobalSection(ExtensibilityGlobals) = postSolution
		SolutionGuid = {7B33A601-78CD-4F17-9E49-895727F4BFB8}
	EndGlobalSection
EndGlobal
