
Microsoft Visual Studio Solution File, Format Version 12.00
# Visual Studio Version 16
VisualStudioVersion = 16.0.31424.327
MinimumVisualStudioVersion = 10.0.40219.1
Project("{8BC9CEB8-8B4A-11D0-8D11-00A0C91BC942}") = "TeamGleason.SpeakFaster.BasicKeyboard.Special", "TeamGleason.SpeakFaster.BasicKeyboard.Special\TeamGleason.SpeakFaster.BasicKeyboard.Special.vcxproj", "{A24F470A-7C6D-419B-9E2F-FA9928CE6889}"
EndProject
Project("{9A19103F-16F7-4668-BE54-9A1E7A4F7556}") = "TeamGleason.SpeakFaster.KeyboardLayouts", "TeamGleason.SpeakFaster.KeyboardLayouts\TeamGleason.SpeakFaster.KeyboardLayouts.csproj", "{4CAB9BC6-D2E7-4A1E-8814-C2A89D4AE948}"
EndProject
Project("{9A19103F-16F7-4668-BE54-9A1E7A4F7556}") = "TeamGleason.SpeakFaster.KeyboardLayouts.Test", "TeamGleason.SpeakFaster.KeyboardLayouts.Test\TeamGleason.SpeakFaster.KeyboardLayouts.Test.csproj", "{7B3DB86A-27EB-4174-8474-2186CAFAFBC3}"
EndProject
Project("{9A19103F-16F7-4668-BE54-9A1E7A4F7556}") = "TeamGleason.SpeakFaster.SimpleKeyboard", "TeamGleason.SpeakFaster.SimpleKeyboard\TeamGleason.SpeakFaster.SimpleKeyboard.csproj", "{9FCAFECB-F3BF-4528-A752-8A1453F47A07}"
EndProject
Project("{FAE04EC0-301F-11D3-BF4B-00C04F79EFBC}") = "App.Framework", "App.Framework\App.Framework.csproj", "{70710686-1206-42FD-BB06-FF2A2FCF909F}"
EndProject
Project("{9A19103F-16F7-4668-BE54-9A1E7A4F7556}") = "App.Core", "App.Core\App.Core.csproj", "{19F736ED-A984-4227-A0A0-0463BDAC02A0}"
EndProject
Project("{FAE04EC0-301F-11D3-BF4B-00C04F79EFBC}") = "App.Universal", "App.Universal\App.Universal.csproj", "{3D6B20B4-8521-4379-BC29-7A176EE18056}"
EndProject
Project("{FAE04EC0-301F-11D3-BF4B-00C04F79EFBC}") = "Control.Framework", "Control.Framework\Control.Framework.csproj", "{55C34524-F2C6-447E-B982-507104D7C244}"
EndProject
Project("{9A19103F-16F7-4668-BE54-9A1E7A4F7556}") = "Control.Core", "Control.Core\Control.Core.csproj", "{A9C5D1B7-F963-465F-BB66-3AE671B921D4}"
EndProject
Project("{FAE04EC0-301F-11D3-BF4B-00C04F79EFBC}") = "Control.Universal", "Control.Universal\Control.Universal.csproj", "{E41AE068-E15F-452A-86BC-232D4C80550F}"
EndProject
Project("{FAE04EC0-301F-11D3-BF4B-00C04F79EFBC}") = "Layout.Standard", "Layout.Standard\Layout.Standard.csproj", "{07833E68-03F8-4D8A-B491-3868A48A5823}"
EndProject
Global
	GlobalSection(SolutionConfigurationPlatforms) = preSolution
		Debug|Any CPU = Debug|Any CPU
		Debug|ARM = Debug|ARM
		Debug|ARM64 = Debug|ARM64
		Debug|x64 = Debug|x64
		Debug|x86 = Debug|x86
		Release|Any CPU = Release|Any CPU
		Release|ARM = Release|ARM
		Release|ARM64 = Release|ARM64
		Release|x64 = Release|x64
		Release|x86 = Release|x86
	EndGlobalSection
	GlobalSection(ProjectConfigurationPlatforms) = postSolution
		{A24F470A-7C6D-419B-9E2F-FA9928CE6889}.Debug|Any CPU.ActiveCfg = Debug|Win32
		{A24F470A-7C6D-419B-9E2F-FA9928CE6889}.Debug|ARM.ActiveCfg = Debug|Win32
		{A24F470A-7C6D-419B-9E2F-FA9928CE6889}.Debug|ARM64.ActiveCfg = Debug|Win32
		{A24F470A-7C6D-419B-9E2F-FA9928CE6889}.Debug|x64.ActiveCfg = Debug|x64
		{A24F470A-7C6D-419B-9E2F-FA9928CE6889}.Debug|x64.Build.0 = Debug|x64
		{A24F470A-7C6D-419B-9E2F-FA9928CE6889}.Debug|x86.ActiveCfg = Debug|Win32
		{A24F470A-7C6D-419B-9E2F-FA9928CE6889}.Debug|x86.Build.0 = Debug|Win32
		{A24F470A-7C6D-419B-9E2F-FA9928CE6889}.Release|Any CPU.ActiveCfg = Release|Win32
		{A24F470A-7C6D-419B-9E2F-FA9928CE6889}.Release|ARM.ActiveCfg = Release|Win32
		{A24F470A-7C6D-419B-9E2F-FA9928CE6889}.Release|ARM64.ActiveCfg = Release|Win32
		{A24F470A-7C6D-419B-9E2F-FA9928CE6889}.Release|x64.ActiveCfg = Release|x64
		{A24F470A-7C6D-419B-9E2F-FA9928CE6889}.Release|x64.Build.0 = Release|x64
		{A24F470A-7C6D-419B-9E2F-FA9928CE6889}.Release|x86.ActiveCfg = Release|Win32
		{A24F470A-7C6D-419B-9E2F-FA9928CE6889}.Release|x86.Build.0 = Release|Win32
		{4CAB9BC6-D2E7-4A1E-8814-C2A89D4AE948}.Debug|Any CPU.ActiveCfg = Debug|Any CPU
		{4CAB9BC6-D2E7-4A1E-8814-C2A89D4AE948}.Debug|Any CPU.Build.0 = Debug|Any CPU
		{4CAB9BC6-D2E7-4A1E-8814-C2A89D4AE948}.Debug|ARM.ActiveCfg = Debug|Any CPU
		{4CAB9BC6-D2E7-4A1E-8814-C2A89D4AE948}.Debug|ARM.Build.0 = Debug|Any CPU
		{4CAB9BC6-D2E7-4A1E-8814-C2A89D4AE948}.Debug|ARM64.ActiveCfg = Debug|Any CPU
		{4CAB9BC6-D2E7-4A1E-8814-C2A89D4AE948}.Debug|ARM64.Build.0 = Debug|Any CPU
		{4CAB9BC6-D2E7-4A1E-8814-C2A89D4AE948}.Debug|x64.ActiveCfg = Debug|Any CPU
		{4CAB9BC6-D2E7-4A1E-8814-C2A89D4AE948}.Debug|x64.Build.0 = Debug|Any CPU
		{4CAB9BC6-D2E7-4A1E-8814-C2A89D4AE948}.Debug|x86.ActiveCfg = Debug|Any CPU
		{4CAB9BC6-D2E7-4A1E-8814-C2A89D4AE948}.Debug|x86.Build.0 = Debug|Any CPU
		{4CAB9BC6-D2E7-4A1E-8814-C2A89D4AE948}.Release|Any CPU.ActiveCfg = Release|Any CPU
		{4CAB9BC6-D2E7-4A1E-8814-C2A89D4AE948}.Release|Any CPU.Build.0 = Release|Any CPU
		{4CAB9BC6-D2E7-4A1E-8814-C2A89D4AE948}.Release|ARM.ActiveCfg = Release|Any CPU
		{4CAB9BC6-D2E7-4A1E-8814-C2A89D4AE948}.Release|ARM.Build.0 = Release|Any CPU
		{4CAB9BC6-D2E7-4A1E-8814-C2A89D4AE948}.Release|ARM64.ActiveCfg = Release|Any CPU
		{4CAB9BC6-D2E7-4A1E-8814-C2A89D4AE948}.Release|ARM64.Build.0 = Release|Any CPU
		{4CAB9BC6-D2E7-4A1E-8814-C2A89D4AE948}.Release|x64.ActiveCfg = Release|Any CPU
		{4CAB9BC6-D2E7-4A1E-8814-C2A89D4AE948}.Release|x64.Build.0 = Release|Any CPU
		{4CAB9BC6-D2E7-4A1E-8814-C2A89D4AE948}.Release|x86.ActiveCfg = Release|Any CPU
		{4CAB9BC6-D2E7-4A1E-8814-C2A89D4AE948}.Release|x86.Build.0 = Release|Any CPU
		{7B3DB86A-27EB-4174-8474-2186CAFAFBC3}.Debug|Any CPU.ActiveCfg = Debug|Any CPU
		{7B3DB86A-27EB-4174-8474-2186CAFAFBC3}.Debug|Any CPU.Build.0 = Debug|Any CPU
		{7B3DB86A-27EB-4174-8474-2186CAFAFBC3}.Debug|ARM.ActiveCfg = Debug|Any CPU
		{7B3DB86A-27EB-4174-8474-2186CAFAFBC3}.Debug|ARM.Build.0 = Debug|Any CPU
		{7B3DB86A-27EB-4174-8474-2186CAFAFBC3}.Debug|ARM64.ActiveCfg = Debug|Any CPU
		{7B3DB86A-27EB-4174-8474-2186CAFAFBC3}.Debug|ARM64.Build.0 = Debug|Any CPU
		{7B3DB86A-27EB-4174-8474-2186CAFAFBC3}.Debug|x64.ActiveCfg = Debug|Any CPU
		{7B3DB86A-27EB-4174-8474-2186CAFAFBC3}.Debug|x64.Build.0 = Debug|Any CPU
		{7B3DB86A-27EB-4174-8474-2186CAFAFBC3}.Debug|x86.ActiveCfg = Debug|Any CPU
		{7B3DB86A-27EB-4174-8474-2186CAFAFBC3}.Debug|x86.Build.0 = Debug|Any CPU
		{7B3DB86A-27EB-4174-8474-2186CAFAFBC3}.Release|Any CPU.ActiveCfg = Release|Any CPU
		{7B3DB86A-27EB-4174-8474-2186CAFAFBC3}.Release|Any CPU.Build.0 = Release|Any CPU
		{7B3DB86A-27EB-4174-8474-2186CAFAFBC3}.Release|ARM.ActiveCfg = Release|Any CPU
		{7B3DB86A-27EB-4174-8474-2186CAFAFBC3}.Release|ARM.Build.0 = Release|Any CPU
		{7B3DB86A-27EB-4174-8474-2186CAFAFBC3}.Release|ARM64.ActiveCfg = Release|Any CPU
		{7B3DB86A-27EB-4174-8474-2186CAFAFBC3}.Release|ARM64.Build.0 = Release|Any CPU
		{7B3DB86A-27EB-4174-8474-2186CAFAFBC3}.Release|x64.ActiveCfg = Release|Any CPU
		{7B3DB86A-27EB-4174-8474-2186CAFAFBC3}.Release|x64.Build.0 = Release|Any CPU
		{7B3DB86A-27EB-4174-8474-2186CAFAFBC3}.Release|x86.ActiveCfg = Release|Any CPU
		{7B3DB86A-27EB-4174-8474-2186CAFAFBC3}.Release|x86.Build.0 = Release|Any CPU
		{9FCAFECB-F3BF-4528-A752-8A1453F47A07}.Debug|Any CPU.ActiveCfg = Debug|x86
		{9FCAFECB-F3BF-4528-A752-8A1453F47A07}.Debug|ARM.ActiveCfg = Debug|x86
		{9FCAFECB-F3BF-4528-A752-8A1453F47A07}.Debug|ARM64.ActiveCfg = Debug|x86
		{9FCAFECB-F3BF-4528-A752-8A1453F47A07}.Debug|x64.ActiveCfg = Debug|x64
		{9FCAFECB-F3BF-4528-A752-8A1453F47A07}.Debug|x64.Build.0 = Debug|x64
		{9FCAFECB-F3BF-4528-A752-8A1453F47A07}.Debug|x86.ActiveCfg = Debug|x86
		{9FCAFECB-F3BF-4528-A752-8A1453F47A07}.Debug|x86.Build.0 = Debug|x86
		{9FCAFECB-F3BF-4528-A752-8A1453F47A07}.Release|Any CPU.ActiveCfg = Release|x86
		{9FCAFECB-F3BF-4528-A752-8A1453F47A07}.Release|ARM.ActiveCfg = Release|x86
		{9FCAFECB-F3BF-4528-A752-8A1453F47A07}.Release|ARM64.ActiveCfg = Release|x86
		{9FCAFECB-F3BF-4528-A752-8A1453F47A07}.Release|x64.ActiveCfg = Release|x64
		{9FCAFECB-F3BF-4528-A752-8A1453F47A07}.Release|x64.Build.0 = Release|x64
		{9FCAFECB-F3BF-4528-A752-8A1453F47A07}.Release|x86.ActiveCfg = Release|x86
		{9FCAFECB-F3BF-4528-A752-8A1453F47A07}.Release|x86.Build.0 = Release|x86
		{70710686-1206-42FD-BB06-FF2A2FCF909F}.Debug|Any CPU.ActiveCfg = Debug|Any CPU
		{70710686-1206-42FD-BB06-FF2A2FCF909F}.Debug|Any CPU.Build.0 = Debug|Any CPU
		{70710686-1206-42FD-BB06-FF2A2FCF909F}.Debug|ARM.ActiveCfg = Debug|Any CPU
		{70710686-1206-42FD-BB06-FF2A2FCF909F}.Debug|ARM.Build.0 = Debug|Any CPU
		{70710686-1206-42FD-BB06-FF2A2FCF909F}.Debug|ARM64.ActiveCfg = Debug|Any CPU
		{70710686-1206-42FD-BB06-FF2A2FCF909F}.Debug|ARM64.Build.0 = Debug|Any CPU
		{70710686-1206-42FD-BB06-FF2A2FCF909F}.Debug|x64.ActiveCfg = Debug|Any CPU
		{70710686-1206-42FD-BB06-FF2A2FCF909F}.Debug|x64.Build.0 = Debug|Any CPU
		{70710686-1206-42FD-BB06-FF2A2FCF909F}.Debug|x86.ActiveCfg = Debug|Any CPU
		{70710686-1206-42FD-BB06-FF2A2FCF909F}.Debug|x86.Build.0 = Debug|Any CPU
		{70710686-1206-42FD-BB06-FF2A2FCF909F}.Release|Any CPU.ActiveCfg = Release|Any CPU
		{70710686-1206-42FD-BB06-FF2A2FCF909F}.Release|Any CPU.Build.0 = Release|Any CPU
		{70710686-1206-42FD-BB06-FF2A2FCF909F}.Release|ARM.ActiveCfg = Release|Any CPU
		{70710686-1206-42FD-BB06-FF2A2FCF909F}.Release|ARM.Build.0 = Release|Any CPU
		{70710686-1206-42FD-BB06-FF2A2FCF909F}.Release|ARM64.ActiveCfg = Release|Any CPU
		{70710686-1206-42FD-BB06-FF2A2FCF909F}.Release|ARM64.Build.0 = Release|Any CPU
		{70710686-1206-42FD-BB06-FF2A2FCF909F}.Release|x64.ActiveCfg = Release|Any CPU
		{70710686-1206-42FD-BB06-FF2A2FCF909F}.Release|x64.Build.0 = Release|Any CPU
		{70710686-1206-42FD-BB06-FF2A2FCF909F}.Release|x86.ActiveCfg = Release|Any CPU
		{70710686-1206-42FD-BB06-FF2A2FCF909F}.Release|x86.Build.0 = Release|Any CPU
		{19F736ED-A984-4227-A0A0-0463BDAC02A0}.Debug|Any CPU.ActiveCfg = Debug|Any CPU
		{19F736ED-A984-4227-A0A0-0463BDAC02A0}.Debug|Any CPU.Build.0 = Debug|Any CPU
		{19F736ED-A984-4227-A0A0-0463BDAC02A0}.Debug|ARM.ActiveCfg = Debug|Any CPU
		{19F736ED-A984-4227-A0A0-0463BDAC02A0}.Debug|ARM.Build.0 = Debug|Any CPU
		{19F736ED-A984-4227-A0A0-0463BDAC02A0}.Debug|ARM64.ActiveCfg = Debug|Any CPU
		{19F736ED-A984-4227-A0A0-0463BDAC02A0}.Debug|ARM64.Build.0 = Debug|Any CPU
		{19F736ED-A984-4227-A0A0-0463BDAC02A0}.Debug|x64.ActiveCfg = Debug|Any CPU
		{19F736ED-A984-4227-A0A0-0463BDAC02A0}.Debug|x64.Build.0 = Debug|Any CPU
		{19F736ED-A984-4227-A0A0-0463BDAC02A0}.Debug|x86.ActiveCfg = Debug|Any CPU
		{19F736ED-A984-4227-A0A0-0463BDAC02A0}.Debug|x86.Build.0 = Debug|Any CPU
		{19F736ED-A984-4227-A0A0-0463BDAC02A0}.Release|Any CPU.ActiveCfg = Release|Any CPU
		{19F736ED-A984-4227-A0A0-0463BDAC02A0}.Release|Any CPU.Build.0 = Release|Any CPU
		{19F736ED-A984-4227-A0A0-0463BDAC02A0}.Release|ARM.ActiveCfg = Release|Any CPU
		{19F736ED-A984-4227-A0A0-0463BDAC02A0}.Release|ARM.Build.0 = Release|Any CPU
		{19F736ED-A984-4227-A0A0-0463BDAC02A0}.Release|ARM64.ActiveCfg = Release|Any CPU
		{19F736ED-A984-4227-A0A0-0463BDAC02A0}.Release|ARM64.Build.0 = Release|Any CPU
		{19F736ED-A984-4227-A0A0-0463BDAC02A0}.Release|x64.ActiveCfg = Release|Any CPU
		{19F736ED-A984-4227-A0A0-0463BDAC02A0}.Release|x64.Build.0 = Release|Any CPU
		{19F736ED-A984-4227-A0A0-0463BDAC02A0}.Release|x86.ActiveCfg = Release|Any CPU
		{19F736ED-A984-4227-A0A0-0463BDAC02A0}.Release|x86.Build.0 = Release|Any CPU
		{3D6B20B4-8521-4379-BC29-7A176EE18056}.Debug|Any CPU.ActiveCfg = Debug|x86
		{3D6B20B4-8521-4379-BC29-7A176EE18056}.Debug|ARM.ActiveCfg = Debug|ARM
		{3D6B20B4-8521-4379-BC29-7A176EE18056}.Debug|ARM.Build.0 = Debug|ARM
		{3D6B20B4-8521-4379-BC29-7A176EE18056}.Debug|ARM.Deploy.0 = Debug|ARM
		{3D6B20B4-8521-4379-BC29-7A176EE18056}.Debug|ARM64.ActiveCfg = Debug|ARM64
		{3D6B20B4-8521-4379-BC29-7A176EE18056}.Debug|ARM64.Build.0 = Debug|ARM64
		{3D6B20B4-8521-4379-BC29-7A176EE18056}.Debug|ARM64.Deploy.0 = Debug|ARM64
		{3D6B20B4-8521-4379-BC29-7A176EE18056}.Debug|x64.ActiveCfg = Debug|x64
		{3D6B20B4-8521-4379-BC29-7A176EE18056}.Debug|x64.Build.0 = Debug|x64
		{3D6B20B4-8521-4379-BC29-7A176EE18056}.Debug|x64.Deploy.0 = Debug|x64
		{3D6B20B4-8521-4379-BC29-7A176EE18056}.Debug|x86.ActiveCfg = Debug|x86
		{3D6B20B4-8521-4379-BC29-7A176EE18056}.Debug|x86.Build.0 = Debug|x86
		{3D6B20B4-8521-4379-BC29-7A176EE18056}.Debug|x86.Deploy.0 = Debug|x86
		{3D6B20B4-8521-4379-BC29-7A176EE18056}.Release|Any CPU.ActiveCfg = Release|x86
		{3D6B20B4-8521-4379-BC29-7A176EE18056}.Release|ARM.ActiveCfg = Release|ARM
		{3D6B20B4-8521-4379-BC29-7A176EE18056}.Release|ARM.Build.0 = Release|ARM
		{3D6B20B4-8521-4379-BC29-7A176EE18056}.Release|ARM.Deploy.0 = Release|ARM
		{3D6B20B4-8521-4379-BC29-7A176EE18056}.Release|ARM64.ActiveCfg = Release|ARM64
		{3D6B20B4-8521-4379-BC29-7A176EE18056}.Release|ARM64.Build.0 = Release|ARM64
		{3D6B20B4-8521-4379-BC29-7A176EE18056}.Release|ARM64.Deploy.0 = Release|ARM64
		{3D6B20B4-8521-4379-BC29-7A176EE18056}.Release|x64.ActiveCfg = Release|x64
		{3D6B20B4-8521-4379-BC29-7A176EE18056}.Release|x64.Build.0 = Release|x64
		{3D6B20B4-8521-4379-BC29-7A176EE18056}.Release|x64.Deploy.0 = Release|x64
		{3D6B20B4-8521-4379-BC29-7A176EE18056}.Release|x86.ActiveCfg = Release|x86
		{3D6B20B4-8521-4379-BC29-7A176EE18056}.Release|x86.Build.0 = Release|x86
		{3D6B20B4-8521-4379-BC29-7A176EE18056}.Release|x86.Deploy.0 = Release|x86
		{55C34524-F2C6-447E-B982-507104D7C244}.Debug|Any CPU.ActiveCfg = Debug|Any CPU
		{55C34524-F2C6-447E-B982-507104D7C244}.Debug|Any CPU.Build.0 = Debug|Any CPU
		{55C34524-F2C6-447E-B982-507104D7C244}.Debug|ARM.ActiveCfg = Debug|Any CPU
		{55C34524-F2C6-447E-B982-507104D7C244}.Debug|ARM.Build.0 = Debug|Any CPU
		{55C34524-F2C6-447E-B982-507104D7C244}.Debug|ARM64.ActiveCfg = Debug|Any CPU
		{55C34524-F2C6-447E-B982-507104D7C244}.Debug|ARM64.Build.0 = Debug|Any CPU
		{55C34524-F2C6-447E-B982-507104D7C244}.Debug|x64.ActiveCfg = Debug|Any CPU
		{55C34524-F2C6-447E-B982-507104D7C244}.Debug|x64.Build.0 = Debug|Any CPU
		{55C34524-F2C6-447E-B982-507104D7C244}.Debug|x86.ActiveCfg = Debug|Any CPU
		{55C34524-F2C6-447E-B982-507104D7C244}.Debug|x86.Build.0 = Debug|Any CPU
		{55C34524-F2C6-447E-B982-507104D7C244}.Release|Any CPU.ActiveCfg = Release|Any CPU
		{55C34524-F2C6-447E-B982-507104D7C244}.Release|Any CPU.Build.0 = Release|Any CPU
		{55C34524-F2C6-447E-B982-507104D7C244}.Release|ARM.ActiveCfg = Release|Any CPU
		{55C34524-F2C6-447E-B982-507104D7C244}.Release|ARM.Build.0 = Release|Any CPU
		{55C34524-F2C6-447E-B982-507104D7C244}.Release|ARM64.ActiveCfg = Release|Any CPU
		{55C34524-F2C6-447E-B982-507104D7C244}.Release|ARM64.Build.0 = Release|Any CPU
		{55C34524-F2C6-447E-B982-507104D7C244}.Release|x64.ActiveCfg = Release|Any CPU
		{55C34524-F2C6-447E-B982-507104D7C244}.Release|x64.Build.0 = Release|Any CPU
		{55C34524-F2C6-447E-B982-507104D7C244}.Release|x86.ActiveCfg = Release|Any CPU
		{55C34524-F2C6-447E-B982-507104D7C244}.Release|x86.Build.0 = Release|Any CPU
		{A9C5D1B7-F963-465F-BB66-3AE671B921D4}.Debug|Any CPU.ActiveCfg = Debug|Any CPU
		{A9C5D1B7-F963-465F-BB66-3AE671B921D4}.Debug|Any CPU.Build.0 = Debug|Any CPU
		{A9C5D1B7-F963-465F-BB66-3AE671B921D4}.Debug|ARM.ActiveCfg = Debug|Any CPU
		{A9C5D1B7-F963-465F-BB66-3AE671B921D4}.Debug|ARM.Build.0 = Debug|Any CPU
		{A9C5D1B7-F963-465F-BB66-3AE671B921D4}.Debug|ARM64.ActiveCfg = Debug|Any CPU
		{A9C5D1B7-F963-465F-BB66-3AE671B921D4}.Debug|ARM64.Build.0 = Debug|Any CPU
		{A9C5D1B7-F963-465F-BB66-3AE671B921D4}.Debug|x64.ActiveCfg = Debug|Any CPU
		{A9C5D1B7-F963-465F-BB66-3AE671B921D4}.Debug|x64.Build.0 = Debug|Any CPU
		{A9C5D1B7-F963-465F-BB66-3AE671B921D4}.Debug|x86.ActiveCfg = Debug|Any CPU
		{A9C5D1B7-F963-465F-BB66-3AE671B921D4}.Debug|x86.Build.0 = Debug|Any CPU
		{A9C5D1B7-F963-465F-BB66-3AE671B921D4}.Release|Any CPU.ActiveCfg = Release|Any CPU
		{A9C5D1B7-F963-465F-BB66-3AE671B921D4}.Release|Any CPU.Build.0 = Release|Any CPU
		{A9C5D1B7-F963-465F-BB66-3AE671B921D4}.Release|ARM.ActiveCfg = Release|Any CPU
		{A9C5D1B7-F963-465F-BB66-3AE671B921D4}.Release|ARM.Build.0 = Release|Any CPU
		{A9C5D1B7-F963-465F-BB66-3AE671B921D4}.Release|ARM64.ActiveCfg = Release|Any CPU
		{A9C5D1B7-F963-465F-BB66-3AE671B921D4}.Release|ARM64.Build.0 = Release|Any CPU
		{A9C5D1B7-F963-465F-BB66-3AE671B921D4}.Release|x64.ActiveCfg = Release|Any CPU
		{A9C5D1B7-F963-465F-BB66-3AE671B921D4}.Release|x64.Build.0 = Release|Any CPU
		{A9C5D1B7-F963-465F-BB66-3AE671B921D4}.Release|x86.ActiveCfg = Release|Any CPU
		{A9C5D1B7-F963-465F-BB66-3AE671B921D4}.Release|x86.Build.0 = Release|Any CPU
		{E41AE068-E15F-452A-86BC-232D4C80550F}.Debug|Any CPU.ActiveCfg = Debug|Any CPU
		{E41AE068-E15F-452A-86BC-232D4C80550F}.Debug|Any CPU.Build.0 = Debug|Any CPU
		{E41AE068-E15F-452A-86BC-232D4C80550F}.Debug|ARM.ActiveCfg = Debug|ARM
		{E41AE068-E15F-452A-86BC-232D4C80550F}.Debug|ARM.Build.0 = Debug|ARM
		{E41AE068-E15F-452A-86BC-232D4C80550F}.Debug|ARM64.ActiveCfg = Debug|ARM64
		{E41AE068-E15F-452A-86BC-232D4C80550F}.Debug|ARM64.Build.0 = Debug|ARM64
		{E41AE068-E15F-452A-86BC-232D4C80550F}.Debug|x64.ActiveCfg = Debug|x64
		{E41AE068-E15F-452A-86BC-232D4C80550F}.Debug|x64.Build.0 = Debug|x64
		{E41AE068-E15F-452A-86BC-232D4C80550F}.Debug|x86.ActiveCfg = Debug|x86
		{E41AE068-E15F-452A-86BC-232D4C80550F}.Debug|x86.Build.0 = Debug|x86
		{E41AE068-E15F-452A-86BC-232D4C80550F}.Release|Any CPU.ActiveCfg = Release|Any CPU
		{E41AE068-E15F-452A-86BC-232D4C80550F}.Release|Any CPU.Build.0 = Release|Any CPU
		{E41AE068-E15F-452A-86BC-232D4C80550F}.Release|ARM.ActiveCfg = Release|ARM
		{E41AE068-E15F-452A-86BC-232D4C80550F}.Release|ARM.Build.0 = Release|ARM
		{E41AE068-E15F-452A-86BC-232D4C80550F}.Release|ARM64.ActiveCfg = Release|ARM64
		{E41AE068-E15F-452A-86BC-232D4C80550F}.Release|ARM64.Build.0 = Release|ARM64
		{E41AE068-E15F-452A-86BC-232D4C80550F}.Release|x64.ActiveCfg = Release|x64
		{E41AE068-E15F-452A-86BC-232D4C80550F}.Release|x64.Build.0 = Release|x64
		{E41AE068-E15F-452A-86BC-232D4C80550F}.Release|x86.ActiveCfg = Release|x86
		{E41AE068-E15F-452A-86BC-232D4C80550F}.Release|x86.Build.0 = Release|x86
		{07833E68-03F8-4D8A-B491-3868A48A5823}.Debug|Any CPU.ActiveCfg = Debug|Any CPU
		{07833E68-03F8-4D8A-B491-3868A48A5823}.Debug|Any CPU.Build.0 = Debug|Any CPU
		{07833E68-03F8-4D8A-B491-3868A48A5823}.Debug|ARM.ActiveCfg = Debug|Any CPU
		{07833E68-03F8-4D8A-B491-3868A48A5823}.Debug|ARM.Build.0 = Debug|Any CPU
		{07833E68-03F8-4D8A-B491-3868A48A5823}.Debug|ARM64.ActiveCfg = Debug|Any CPU
		{07833E68-03F8-4D8A-B491-3868A48A5823}.Debug|ARM64.Build.0 = Debug|Any CPU
		{07833E68-03F8-4D8A-B491-3868A48A5823}.Debug|x64.ActiveCfg = Debug|Any CPU
		{07833E68-03F8-4D8A-B491-3868A48A5823}.Debug|x64.Build.0 = Debug|Any CPU
		{07833E68-03F8-4D8A-B491-3868A48A5823}.Debug|x86.ActiveCfg = Debug|Any CPU
		{07833E68-03F8-4D8A-B491-3868A48A5823}.Debug|x86.Build.0 = Debug|Any CPU
		{07833E68-03F8-4D8A-B491-3868A48A5823}.Release|Any CPU.ActiveCfg = Release|Any CPU
		{07833E68-03F8-4D8A-B491-3868A48A5823}.Release|Any CPU.Build.0 = Release|Any CPU
		{07833E68-03F8-4D8A-B491-3868A48A5823}.Release|ARM.ActiveCfg = Release|Any CPU
		{07833E68-03F8-4D8A-B491-3868A48A5823}.Release|ARM.Build.0 = Release|Any CPU
		{07833E68-03F8-4D8A-B491-3868A48A5823}.Release|ARM64.ActiveCfg = Release|Any CPU
		{07833E68-03F8-4D8A-B491-3868A48A5823}.Release|ARM64.Build.0 = Release|Any CPU
		{07833E68-03F8-4D8A-B491-3868A48A5823}.Release|x64.ActiveCfg = Release|Any CPU
		{07833E68-03F8-4D8A-B491-3868A48A5823}.Release|x64.Build.0 = Release|Any CPU
		{07833E68-03F8-4D8A-B491-3868A48A5823}.Release|x86.ActiveCfg = Release|Any CPU
		{07833E68-03F8-4D8A-B491-3868A48A5823}.Release|x86.Build.0 = Release|Any CPU
	EndGlobalSection
	GlobalSection(SolutionProperties) = preSolution
		HideSolutionNode = FALSE
	EndGlobalSection
	GlobalSection(ExtensibilityGlobals) = postSolution
		SolutionGuid = {42443C83-EEB8-4A17-B692-7A75B287B59A}
	EndGlobalSection
EndGlobal
