
Microsoft Visual Studio Solution File, Format Version 12.00
# Visual Studio Version 16
VisualStudioVersion = 16.0.31624.102
MinimumVisualStudioVersion = 10.0.40219.1
Project("{9A19103F-16F7-4668-BE54-9A1E7A4F7556}") = "PInvoke", "PInvoke\PInvoke.csproj", "{116158C4-D02E-496D-9BF2-E14EEE37DD48}"
EndProject
Project("{FAE04EC0-301F-11D3-BF4B-00C04F79EFBC}") = "Layout", "Layout\Layout.csproj", "{74BA30F1-CB30-410A-8C2D-2C1B70143E46}"
EndProject
Global
	GlobalSection(SolutionConfigurationPlatforms) = preSolution
		Debug|Any CPU = Debug|Any CPU
		Release|Any CPU = Release|Any CPU
	EndGlobalSection
	GlobalSection(ProjectConfigurationPlatforms) = postSolution
		{116158C4-D02E-496D-9BF2-E14EEE37DD48}.Debug|Any CPU.ActiveCfg = Debug|Any CPU
		{116158C4-D02E-496D-9BF2-E14EEE37DD48}.Debug|Any CPU.Build.0 = Debug|Any CPU
		{116158C4-D02E-496D-9BF2-E14EEE37DD48}.Release|Any CPU.ActiveCfg = Release|Any CPU
		{116158C4-D02E-496D-9BF2-E14EEE37DD48}.Release|Any CPU.Build.0 = Release|Any CPU
		{74BA30F1-CB30-410A-8C2D-2C1B70143E46}.Debug|Any CPU.ActiveCfg = Debug|Any CPU
		{74BA30F1-CB30-410A-8C2D-2C1B70143E46}.Debug|Any CPU.Build.0 = Debug|Any CPU
		{74BA30F1-CB30-410A-8C2D-2C1B70143E46}.Release|Any CPU.ActiveCfg = Release|Any CPU
		{74BA30F1-CB30-410A-8C2D-2C1B70143E46}.Release|Any CPU.Build.0 = Release|Any CPU
	EndGlobalSection
	GlobalSection(SolutionProperties) = preSolution
		HideSolutionNode = FALSE
	EndGlobalSection
	GlobalSection(ExtensibilityGlobals) = postSolution
		SolutionGuid = {7B346305-B892-499E-B68F-66B92B185BE3}
	EndGlobalSection
EndGlobal
